
Microsoft Visual Studio Solution File, Format Version 12.00
# Visual Studio Version 17
VisualStudioVersion = 17.2.32516.85
MinimumVisualStudioVersion = 10.0.40219.1
Project("{9A19103F-16F7-4668-BE54-9A1E7A4F7556}") = "WebAppNM2", "WebAppNM2\WebAppNM2.csproj", "{BE3AC0EF-16A1-48D5-8B80-BD815DDE35F2}"
EndProject
Project("{FAE04EC0-301F-11D3-BF4B-00C04F79EFBC}") = "WebAppNM2.Tests", "WebAppNM2.Tests\WebAppNM2.Tests.csproj", "{D1614046-9F80-48C4-B640-EF798878AF52}"
EndProject
Global
	GlobalSection(SolutionConfigurationPlatforms) = preSolution
		Debug|Any CPU = Debug|Any CPU
		Release|Any CPU = Release|Any CPU
	EndGlobalSection
	GlobalSection(ProjectConfigurationPlatforms) = postSolution
		{BE3AC0EF-16A1-48D5-8B80-BD815DDE35F2}.Debug|Any CPU.ActiveCfg = Debug|Any CPU
		{BE3AC0EF-16A1-48D5-8B80-BD815DDE35F2}.Debug|Any CPU.Build.0 = Debug|Any CPU
		{BE3AC0EF-16A1-48D5-8B80-BD815DDE35F2}.Release|Any CPU.ActiveCfg = Release|Any CPU
		{BE3AC0EF-16A1-48D5-8B80-BD815DDE35F2}.Release|Any CPU.Build.0 = Release|Any CPU
		{D1614046-9F80-48C4-B640-EF798878AF52}.Debug|Any CPU.ActiveCfg = Debug|Any CPU
		{D1614046-9F80-48C4-B640-EF798878AF52}.Debug|Any CPU.Build.0 = Debug|Any CPU
		{D1614046-9F80-48C4-B640-EF798878AF52}.Release|Any CPU.ActiveCfg = Release|Any CPU
		{D1614046-9F80-48C4-B640-EF798878AF52}.Release|Any CPU.Build.0 = Release|Any CPU
	EndGlobalSection
	GlobalSection(SolutionProperties) = preSolution
		HideSolutionNode = FALSE
	EndGlobalSection
	GlobalSection(ExtensibilityGlobals) = postSolution
		SolutionGuid = {A96451DB-CDEC-45D8-91B4-404F8A72B754}
	EndGlobalSection
EndGlobal
